
Microsoft Visual Studio Solution File, Format Version 11.00
# Visual Studio 2010
Project("{FAE04EC0-301F-11D3-BF4B-00C04F79EFBC}") = "ClienteMVC", "ClienteMVC\ClienteMVC.csproj", "{7FF1BB73-DBF0-45A7-B693-84385EDC1544}"
EndProject
Global
	GlobalSection(SolutionConfigurationPlatforms) = preSolution
		Debug|Any CPU = Debug|Any CPU
		Release|Any CPU = Release|Any CPU
	EndGlobalSection
	GlobalSection(ProjectConfigurationPlatforms) = postSolution
		{7FF1BB73-DBF0-45A7-B693-84385EDC1544}.Debug|Any CPU.ActiveCfg = Debug|Any CPU
		{7FF1BB73-DBF0-45A7-B693-84385EDC1544}.Debug|Any CPU.Build.0 = Debug|Any CPU
		{7FF1BB73-DBF0-45A7-B693-84385EDC1544}.Release|Any CPU.ActiveCfg = Release|Any CPU
		{7FF1BB73-DBF0-45A7-B693-84385EDC1544}.Release|Any CPU.Build.0 = Release|Any CPU
	EndGlobalSection
	GlobalSection(SolutionProperties) = preSolution
		HideSolutionNode = FALSE
	EndGlobalSection
EndGlobal
